
Microsoft Visual Studio Solution File, Format Version 12.00
# Visual Studio Version 17
VisualStudioVersion = 17.12.35707.178
MinimumVisualStudioVersion = 10.0.40219.1
Project("{FAE04EC0-301F-11D3-BF4B-00C04F79EFBC}") = "NET6WebApp", "NET6WebApp\NET6WebApp.csproj", "{EFC786A6-D634-406D-9789-C131B09B7CDA}"
EndProject
Project("{FAE04EC0-301F-11D3-BF4B-00C04F79EFBC}") = "TestProject1", "TestProject1\TestProject1.csproj", "{499B5AC0-DE39-44BC-8243-50F42A3CADBF}"
EndProject
Global
	GlobalSection(SolutionConfigurationPlatforms) = preSolution
		Debug|Any CPU = Debug|Any CPU
		Release|Any CPU = Release|Any CPU
	EndGlobalSection
	GlobalSection(ProjectConfigurationPlatforms) = postSolution
		{EFC786A6-D634-406D-9789-C131B09B7CDA}.Debug|Any CPU.ActiveCfg = Debug|Any CPU
		{EFC786A6-D634-406D-9789-C131B09B7CDA}.Debug|Any CPU.Build.0 = Debug|Any CPU
		{EFC786A6-D634-406D-9789-C131B09B7CDA}.Release|Any CPU.ActiveCfg = Release|Any CPU
		{EFC786A6-D634-406D-9789-C131B09B7CDA}.Release|Any CPU.Build.0 = Release|Any CPU
		{499B5AC0-DE39-44BC-8243-50F42A3CADBF}.Debug|Any CPU.ActiveCfg = Debug|Any CPU
		{499B5AC0-DE39-44BC-8243-50F42A3CADBF}.Debug|Any CPU.Build.0 = Debug|Any CPU
		{499B5AC0-DE39-44BC-8243-50F42A3CADBF}.Release|Any CPU.ActiveCfg = Release|Any CPU
		{499B5AC0-DE39-44BC-8243-50F42A3CADBF}.Release|Any CPU.Build.0 = Release|Any CPU
	EndGlobalSection
	GlobalSection(SolutionProperties) = preSolution
		HideSolutionNode = FALSE
	EndGlobalSection
EndGlobal
